{
  "version": 4,
  "terraform_version": "1.12.2",
  "serial": 11,
  "lineage": "5c14ccf5-6ff4-89b0-b89a-5e3c9297be1c",
  "outputs": {},
  "resources": [
    {
      "mode": "managed",
      "type": "google_cloud_run_v2_service",
      "name": "default",
      "provider": "provider[\"registry.terraform.io/hashicorp/google\"]",
      "instances": [
        {
          "status": "tainted",
          "schema_version": 0,
          "attributes": {
            "annotations": {},
            "binary_authorization": [],
            "build_config": [],
            "client": "",
            "client_version": "",
            "conditions": [
              {
                "execution_reason": "",
                "last_transition_time": "2025-08-19T22:42:48.964886Z",
                "message": "Revision 'meta-studio-flow-00001-48b' is not ready and cannot serve traffic. Image 'gcr.io/meta-studio-flow/meta-studio-flow' not found.",
                "reason": "REVISION_FAILED",
                "revision_reason": "",
                "severity": "",
                "state": "CONDITION_FAILED",
                "type": "RoutesReady"
              },
              {
                "execution_reason": "",
                "last_transition_time": "2025-08-19T22:41:31.005216Z",
                "message": "Image 'gcr.io/meta-studio-flow/meta-studio-flow' not found.",
                "reason": "",
                "revision_reason": "",
                "severity": "",
                "state": "CONDITION_SUCCEEDED",
                "type": "ConfigurationsReady"
              }
            ],
            "create_time": "2025-08-19T22:41:29.643339Z",
            "creator": "davidoperator420@gmail.com",
            "custom_audiences": [],
            "delete_time": "",
            "deletion_protection": true,
            "description": "",
            "effective_annotations": {},
            "effective_labels": {
              "goog-terraform-provisioned": "true"
            },
            "etag": "\"CJn7k8UGEPil4rIC/cHJvamVjdHMvbWV0YS1zdHVkaW8tZmxvdy9sb2NhdGlvbnMvdXMtY2VudHJhbDEvc2VydmljZXMvbWV0YS1zdHVkaW8tZmxvdw\"",
            "expire_time": "",
            "generation": "1",
            "id": "projects/meta-studio-flow/locations/us-central1/services/meta-studio-flow",
            "ingress": "INGRESS_TRAFFIC_ALL",
            "invoker_iam_disabled": false,
            "labels": {},
            "last_modifier": "davidoperator420@gmail.com",
            "latest_created_revision": "projects/meta-studio-flow/locations/us-central1/services/meta-studio-flow/revisions/meta-studio-flow-00001-48b",
            "latest_ready_revision": "",
            "launch_stage": "GA",
            "location": "us-central1",
            "name": "meta-studio-flow",
            "observed_generation": "1",
            "project": "meta-studio-flow",
            "reconciling": false,
            "scaling": [],
            "template": [
              {
                "annotations": {},
                "containers": [
                  {
                    "args": [],
                    "base_image_uri": "",
                    "build_info": [],
                    "command": [],
                    "depends_on": [],
                    "env": [],
                    "image": "gcr.io/meta-studio-flow/meta-studio-flow",
                    "liveness_probe": [],
                    "name": "",
                    "ports": [
                      {
                        "container_port": 8080,
                        "name": "http1"
                      }
                    ],
                    "resources": [
                      {
                        "cpu_idle": true,
                        "limits": {
                          "cpu": "1000m",
                          "memory": "512Mi"
                        },
                        "startup_cpu_boost": false
                      }
                    ],
                    "startup_probe": [
                      {
                        "failure_threshold": 1,
                        "grpc": [],
                        "http_get": [],
                        "initial_delay_seconds": 0,
                        "period_seconds": 240,
                        "tcp_socket": [
                          {
                            "port": 8080
                          }
                        ],
                        "timeout_seconds": 240
                      }
                    ],
                    "volume_mounts": [],
                    "working_dir": ""
                  }
                ],
                "encryption_key": "",
                "execution_environment": "",
                "gpu_zonal_redundancy_disabled": false,
                "labels": {},
                "max_instance_request_concurrency": 80,
                "node_selector": [],
                "revision": "",
                "scaling": [
                  {
                    "max_instance_count": 3,
                    "min_instance_count": 0
                  }
                ],
                "service_account": "564277175908-compute@developer.gserviceaccount.com",
                "session_affinity": false,
                "timeout": "300s",
                "volumes": [],
                "vpc_access": []
              }
            ],
            "terminal_condition": [
              {
                "execution_reason": "",
                "last_transition_time": "2025-08-19T22:42:48.964886Z",
                "message": "Revision 'meta-studio-flow-00001-48b' is not ready and cannot serve traffic. Image 'gcr.io/meta-studio-flow/meta-studio-flow' not found.",
                "reason": "REVISION_FAILED",
                "revision_reason": "",
                "severity": "",
                "state": "CONDITION_FAILED",
                "type": "Ready"
              }
            ],
            "terraform_labels": {
              "goog-terraform-provisioned": "true"
            },
            "timeouts": null,
            "traffic": [
              {
                "percent": 100,
                "revision": "",
                "tag": "",
                "type": "TRAFFIC_TARGET_ALLOCATION_TYPE_LATEST"
              }
            ],
            "traffic_statuses": [],
            "uid": "f911c9b2-28c3-4179-a800-0692a3c5b01b",
            "update_time": "2025-08-19T22:41:29.643339Z",
            "uri": "",
            "urls": [
              "https://meta-studio-flow-564277175908.us-central1.run.app"
            ]
          },
          "sensitive_attributes": [],
          "identity_schema_version": 0,
          "private": "eyJlMmJmYjczMC1lY2FhLTExZTYtOGY4OC0zNDM2M2JjN2M0YzAiOnsiY3JlYXRlIjoxMjAwMDAwMDAwMDAwLCJkZWxldGUiOjEyMDAwMDAwMDAwMDAsInVwZGF0ZSI6MTIwMDAwMDAwMDAwMH19"
        }
      ]
    },
    {
      "mode": "managed",
      "type": "google_project_service",
      "name": "build_api",
      "provider": "provider[\"registry.terraform.io/hashicorp/google\"]",
      "instances": [
        {
          "schema_version": 0,
          "attributes": {
            "disable_dependent_services": null,
            "disable_on_destroy": true,
            "id": "meta-studio-flow/cloudbuild.googleapis.com",
            "project": "meta-studio-flow",
            "service": "cloudbuild.googleapis.com",
            "timeouts": null
          },
          "sensitive_attributes": [],
          "identity_schema_version": 0,
          "private": "eyJlMmJmYjczMC1lY2FhLTExZTYtOGY4OC0zNDM2M2JjN2M0YzAiOnsiY3JlYXRlIjoxMjAwMDAwMDAwMDAwLCJkZWxldGUiOjEyMDAwMDAwMDAwMDAsInJlYWQiOjYwMDAwMDAwMDAwMCwidXBkYXRlIjoxMjAwMDAwMDAwMDAwfX0="
        }
      ]
    },
    {
      "mode": "managed",
      "type": "google_project_service",
      "name": "run_api",
      "provider": "provider[\"registry.terraform.io/hashicorp/google\"]",
      "instances": [
        {
          "schema_version": 0,
          "attributes": {
            "disable_dependent_services": null,
            "disable_on_destroy": true,
            "id": "meta-studio-flow/run.googleapis.com",
            "project": "meta-studio-flow",
            "service": "run.googleapis.com",
            "timeouts": null
          },
          "sensitive_attributes": [],
          "identity_schema_version": 0,
          "private": "eyJlMmJmYjczMC1lY2FhLTExZTYtOGY4OC0zNDM2M2JjN2M0YzAiOnsiY3JlYXRlIjoxMjAwMDAwMDAwMDAwLCJkZWxldGUiOjEyMDAwMDAwMDAwMDAsInJlYWQiOjYwMDAwMDAwMDAwMCwidXBkYXRlIjoxMjAwMDAwMDAwMDAwfX0="
        }
      ]
    }
  ],
  "check_results": null
}
