{
  "version": 4,
  "terraform_version": "1.13.1",
  "serial": 85,
  "lineage": "47a5bcf2-46dc-419e-c497-b5f81a7ce9fe",
  "outputs": {
    "artifact_registry_repository_url": {
      "value": "us-central1-docker.pkg.dev/meta-ad-studio/ad-studio-app-repo",
      "type": "string"
    },
    "cloud_sql_instance_name": {
      "value": "e2e-postgres-instance",
      "type": "string"
    },
    "gke_cluster_endpoint": {
      "value": "104.154.189.220",
      "type": "string"
    },
    "gke_cluster_name": {
      "value": "e2e-gke-cluster",
      "type": "string"
    }
  },
  "resources": [
    {
      "mode": "managed",
      "type": "google_artifact_registry_repository",
      "name": "docker_repo",
      "provider": "provider[\"registry.terraform.io/hashicorp/google\"]",
      "instances": [
        {
          "schema_version": 0,
          "attributes": {
            "cleanup_policies": [],
            "cleanup_policy_dry_run": false,
            "create_time": "2025-08-30T15:33:36.781403Z",
            "description": "Docker repository for Ad Studio App images.",
            "docker_config": [],
            "effective_labels": {},
            "format": "DOCKER",
            "id": "projects/meta-ad-studio/locations/us-central1/repositories/ad-studio-app-repo",
            "kms_key_name": "",
            "labels": {},
            "location": "us-central1",
            "maven_config": [],
            "mode": "STANDARD_REPOSITORY",
            "name": "ad-studio-app-repo",
            "project": "meta-ad-studio",
            "remote_repository_config": [],
            "repository_id": "ad-studio-app-repo",
            "terraform_labels": {},
            "timeouts": null,
            "update_time": "2025-08-30T16:58:34.098908Z",
            "virtual_repository_config": []
          },
          "sensitive_attributes": [],
          "identity_schema_version": 0,
          "private": "eyJlMmJmYjczMC1lY2FhLTExZTYtOGY4OC0zNDM2M2JjN2M0YzAiOnsiY3JlYXRlIjoxMjAwMDAwMDAwMDAwLCJkZWxldGUiOjEyMDAwMDAwMDAwMDAsInVwZGF0ZSI6MTIwMDAwMDAwMDAwMH19"
        }
      ]
    },
    {
      "mode": "managed",
      "type": "google_compute_firewall",
      "name": "allow_health_checks",
      "provider": "provider[\"registry.terraform.io/hashicorp/google\"]",
      "instances": [
        {
          "schema_version": 1,
          "attributes": {
            "allow": [
              {
                "ports": [
                  "80",
                  "443"
                ],
                "protocol": "tcp"
              }
            ],
            "creation_timestamp": "2025-08-31T11:04:58.156-07:00",
            "deny": [],
            "description": "",
            "destination_ranges": [],
            "direction": "INGRESS",
            "disabled": false,
            "enable_logging": null,
            "id": "projects/meta-ad-studio/global/firewalls/e2e-vpc-allow-health-checks",
            "log_config": [],
            "name": "e2e-vpc-allow-health-checks",
            "network": "https://www.googleapis.com/compute/v1/projects/meta-ad-studio/global/networks/staging-vpc",
            "priority": 1000,
            "project": "meta-ad-studio",
            "self_link": "https://www.googleapis.com/compute/v1/projects/meta-ad-studio/global/firewalls/e2e-vpc-allow-health-checks",
            "source_ranges": [
              "130.211.0.0/22",
              "35.191.0.0/16"
            ],
            "source_service_accounts": [],
            "source_tags": [],
            "target_service_accounts": [],
            "target_tags": [],
            "timeouts": null
          },
          "sensitive_attributes": [],
          "identity_schema_version": 0,
          "private": "eyJlMmJmYjczMC1lY2FhLTExZTYtOGY4OC0zNDM2M2JjN2M0YzAiOnsiY3JlYXRlIjoxMjAwMDAwMDAwMDAwLCJkZWxldGUiOjEyMDAwMDAwMDAwMDAsInVwZGF0ZSI6MTIwMDAwMDAwMDAwMH0sInNjaGVtYV92ZXJzaW9uIjoiMSJ9",
          "dependencies": [
            "google_compute_network.vpc_network"
          ]
        }
      ]
    },
    {
      "mode": "managed",
      "type": "google_compute_firewall",
      "name": "allow_internal",
      "provider": "provider[\"registry.terraform.io/hashicorp/google\"]",
      "instances": [
        {
          "schema_version": 1,
          "attributes": {
            "allow": [
              {
                "ports": [],
                "protocol": "all"
              }
            ],
            "creation_timestamp": "2025-08-31T11:04:58.594-07:00",
            "deny": [],
            "description": "",
            "destination_ranges": [],
            "direction": "INGRESS",
            "disabled": false,
            "enable_logging": null,
            "id": "projects/meta-ad-studio/global/firewalls/e2e-vpc-allow-internal",
            "log_config": [],
            "name": "e2e-vpc-allow-internal",
            "network": "https://www.googleapis.com/compute/v1/projects/meta-ad-studio/global/networks/staging-vpc",
            "priority": 1000,
            "project": "meta-ad-studio",
            "self_link": "https://www.googleapis.com/compute/v1/projects/meta-ad-studio/global/firewalls/e2e-vpc-allow-internal",
            "source_ranges": [
              "10.10.10.0/24"
            ],
            "source_service_accounts": [],
            "source_tags": [],
            "target_service_accounts": [],
            "target_tags": [],
            "timeouts": null
          },
          "sensitive_attributes": [],
          "identity_schema_version": 0,
          "private": "eyJlMmJmYjczMC1lY2FhLTExZTYtOGY4OC0zNDM2M2JjN2M0YzAiOnsiY3JlYXRlIjoxMjAwMDAwMDAwMDAwLCJkZWxldGUiOjEyMDAwMDAwMDAwMDAsInVwZGF0ZSI6MTIwMDAwMDAwMDAwMH0sInNjaGVtYV92ZXJzaW9uIjoiMSJ9",
          "dependencies": [
            "google_compute_network.vpc_network"
          ]
        }
      ]
    },
    {
      "mode": "managed",
      "type": "google_compute_network",
      "name": "vpc_network",
      "provider": "provider[\"registry.terraform.io/hashicorp/google\"]",
      "instances": [
        {
          "schema_version": 0,
          "attributes": {
            "auto_create_subnetworks": false,
            "delete_default_routes_on_create": false,
            "description": "",
            "enable_ula_internal_ipv6": false,
            "gateway_ipv4": "",
            "id": "projects/meta-ad-studio/global/networks/staging-vpc",
            "internal_ipv6_range": "",
            "mtu": 0,
            "name": "staging-vpc",
            "network_firewall_policy_enforcement_order": "AFTER_CLASSIC_FIREWALL",
            "numeric_id": "788258511986272362",
            "project": "meta-ad-studio",
            "routing_mode": "REGIONAL",
            "self_link": "https://www.googleapis.com/compute/v1/projects/meta-ad-studio/global/networks/staging-vpc",
            "timeouts": null
          },
          "sensitive_attributes": [],
          "identity_schema_version": 0,
          "private": "eyJlMmJmYjczMC1lY2FhLTExZTYtOGY4OC0zNDM2M2JjN2M0YzAiOnsiY3JlYXRlIjoxMjAwMDAwMDAwMDAwLCJkZWxldGUiOjEyMDAwMDAwMDAwMDAsInVwZGF0ZSI6MTIwMDAwMDAwMDAwMH19"
        }
      ]
    },
    {
      "mode": "managed",
      "type": "google_compute_subnetwork",
      "name": "gke_subnet",
      "provider": "provider[\"registry.terraform.io/hashicorp/google\"]",
      "instances": [
        {
          "schema_version": 0,
          "attributes": {
            "creation_timestamp": "2025-08-30T08:33:36.196-07:00",
            "description": "",
            "external_ipv6_prefix": "",
            "fingerprint": null,
            "gateway_address": "10.10.10.1",
            "id": "projects/meta-ad-studio/regions/us-central1/subnetworks/gke-subnet",
            "internal_ipv6_prefix": "",
            "ip_cidr_range": "10.10.10.0/24",
            "ipv6_access_type": "",
            "ipv6_cidr_range": "",
            "log_config": [],
            "name": "gke-subnet",
            "network": "https://www.googleapis.com/compute/v1/projects/meta-ad-studio/global/networks/staging-vpc",
            "private_ip_google_access": true,
            "private_ipv6_google_access": "DISABLE_GOOGLE_ACCESS",
            "project": "meta-ad-studio",
            "purpose": "PRIVATE",
            "region": "us-central1",
            "role": "",
            "secondary_ip_range": [],
            "self_link": "https://www.googleapis.com/compute/v1/projects/meta-ad-studio/regions/us-central1/subnetworks/gke-subnet",
            "send_secondary_ip_range_if_empty": null,
            "stack_type": "IPV4_ONLY",
            "timeouts": null
          },
          "sensitive_attributes": [],
          "identity_schema_version": 0,
          "private": "eyJlMmJmYjczMC1lY2FhLTExZTYtOGY4OC0zNDM2M2JjN2M0YzAiOnsiY3JlYXRlIjoxMjAwMDAwMDAwMDAwLCJkZWxldGUiOjEyMDAwMDAwMDAwMDAsInVwZGF0ZSI6MTIwMDAwMDAwMDAwMH19",
          "dependencies": [
            "google_compute_network.vpc_network"
          ]
        }
      ]
    },
    {
      "mode": "managed",
      "type": "google_project_iam_member",
      "name": "gke_nodepool_sa_artifact",
      "provider": "provider[\"registry.terraform.io/hashicorp/google\"]",
      "instances": [
        {
          "schema_version": 0,
          "attributes": {
            "condition": [],
            "etag": "BwY9lv0rmPg=",
            "id": "meta-ad-studio/roles/artifactregistry.reader/serviceAccount:gke-nodepool-sa@meta-ad-studio.iam.gserviceaccount.com",
            "member": "serviceAccount:gke-nodepool-sa@meta-ad-studio.iam.gserviceaccount.com",
            "project": "meta-ad-studio",
            "role": "roles/artifactregistry.reader"
          },
          "sensitive_attributes": [],
          "identity_schema_version": 0,
          "private": "bnVsbA==",
          "dependencies": [
            "google_service_account.gke_nodepool_sa"
          ]
        }
      ]
    },
    {
      "mode": "managed",
      "type": "google_project_iam_member",
      "name": "gke_nodepool_sa_logging",
      "provider": "provider[\"registry.terraform.io/hashicorp/google\"]",
      "instances": [
        {
          "schema_version": 0,
          "attributes": {
            "condition": [],
            "etag": "BwY9lv0rmPg=",
            "id": "meta-ad-studio/roles/logging.logWriter/serviceAccount:gke-nodepool-sa@meta-ad-studio.iam.gserviceaccount.com",
            "member": "serviceAccount:gke-nodepool-sa@meta-ad-studio.iam.gserviceaccount.com",
            "project": "meta-ad-studio",
            "role": "roles/logging.logWriter"
          },
          "sensitive_attributes": [],
          "identity_schema_version": 0,
          "private": "bnVsbA==",
          "dependencies": [
            "google_service_account.gke_nodepool_sa"
          ]
        }
      ]
    },
    {
      "mode": "managed",
      "type": "google_project_iam_member",
      "name": "gke_nodepool_sa_roles",
      "provider": "provider[\"registry.terraform.io/hashicorp/google\"]",
      "instances": [
        {
          "schema_version": 0,
          "attributes": {
            "condition": [],
            "etag": "BwY9lv0rmPg=",
            "id": "meta-ad-studio/roles/monitoring.metricWriter/serviceAccount:gke-nodepool-sa@meta-ad-studio.iam.gserviceaccount.com",
            "member": "serviceAccount:gke-nodepool-sa@meta-ad-studio.iam.gserviceaccount.com",
            "project": "meta-ad-studio",
            "role": "roles/monitoring.metricWriter"
          },
          "sensitive_attributes": [],
          "identity_schema_version": 0,
          "private": "bnVsbA==",
          "dependencies": [
            "google_service_account.gke_nodepool_sa"
          ]
        }
      ]
    },
    {
      "mode": "managed",
      "type": "google_secret_manager_secret",
      "name": "db_password_secret",
      "provider": "provider[\"registry.terraform.io/hashicorp/google\"]",
      "instances": [
        {
          "schema_version": 0,
          "attributes": {
            "annotations": {},
            "create_time": "2025-08-31T18:04:59.678215Z",
            "effective_annotations": {},
            "effective_labels": {},
            "expire_time": "",
            "id": "projects/meta-ad-studio/secrets/e2e_db_password",
            "labels": {},
            "name": "projects/658411535181/secrets/e2e_db_password",
            "project": "meta-ad-studio",
            "replication": [
              {
                "auto": [],
                "user_managed": [
                  {
                    "replicas": [
                      {
                        "customer_managed_encryption": [],
                        "location": "us-central1"
                      }
                    ]
                  }
                ]
              }
            ],
            "rotation": [],
            "secret_id": "e2e_db_password",
            "terraform_labels": {},
            "timeouts": null,
            "topics": [],
            "ttl": null,
            "version_aliases": {},
            "version_destroy_ttl": ""
          },
          "sensitive_attributes": [],
          "identity_schema_version": 0,
          "private": "eyJlMmJmYjczMC1lY2FhLTExZTYtOGY4OC0zNDM2M2JjN2M0YzAiOnsiY3JlYXRlIjoxMjAwMDAwMDAwMDAwLCJkZWxldGUiOjEyMDAwMDAwMDAwMDAsInVwZGF0ZSI6MTIwMDAwMDAwMDAwMH19"
        }
      ]
    },
    {
      "mode": "managed",
      "type": "google_secret_manager_secret_version",
      "name": "db_password_secret_version",
      "provider": "provider[\"registry.terraform.io/hashicorp/google\"]",
      "instances": [
        {
          "schema_version": 0,
          "attributes": {
            "create_time": "2025-08-31T18:05:01.098848Z",
            "deletion_policy": "DELETE",
            "destroy_time": "",
            "enabled": true,
            "id": "projects/658411535181/secrets/e2e_db_password/versions/1",
            "is_secret_data_base64": false,
            "name": "projects/658411535181/secrets/e2e_db_password/versions/1",
            "secret": "projects/meta-ad-studio/secrets/e2e_db_password",
            "secret_data": "StagingDB_P@ssw0rd_2025!",
            "timeouts": null,
            "version": "1"
          },
          "sensitive_attributes": [
            [
              {
                "type": "get_attr",
                "value": "secret_data"
              }
            ]
          ],
          "identity_schema_version": 0,
          "private": "eyJlMmJmYjczMC1lY2FhLTExZTYtOGY4OC0zNDM2M2JjN2M0YzAiOnsiY3JlYXRlIjoxMjAwMDAwMDAwMDAwLCJkZWxldGUiOjEyMDAwMDAwMDAwMDAsInVwZGF0ZSI6MTIwMDAwMDAwMDAwMH19",
          "dependencies": [
            "google_secret_manager_secret.db_password_secret"
          ]
        }
      ]
    },
    {
      "mode": "managed",
      "type": "google_service_account",
      "name": "gke_nodepool_sa",
      "provider": "provider[\"registry.terraform.io/hashicorp/google\"]",
      "instances": [
        {
          "schema_version": 0,
          "attributes": {
            "account_id": "gke-nodepool-sa",
            "create_ignore_already_exists": null,
            "description": "",
            "disabled": false,
            "display_name": "Service Account for GKE Node Pools",
            "email": "gke-nodepool-sa@meta-ad-studio.iam.gserviceaccount.com",
            "id": "projects/meta-ad-studio/serviceAccounts/gke-nodepool-sa@meta-ad-studio.iam.gserviceaccount.com",
            "member": "serviceAccount:gke-nodepool-sa@meta-ad-studio.iam.gserviceaccount.com",
            "name": "projects/meta-ad-studio/serviceAccounts/gke-nodepool-sa@meta-ad-studio.iam.gserviceaccount.com",
            "project": "meta-ad-studio",
            "timeouts": null,
            "unique_id": "113543244592932301511"
          },
          "sensitive_attributes": [],
          "identity_schema_version": 0,
          "private": "eyJlMmJmYjczMC1lY2FhLTExZTYtOGY4OC0zNDM2M2JjN2M0YzAiOnsiY3JlYXRlIjozMDAwMDAwMDAwMDB9fQ=="
        }
      ]
    },
    {
      "mode": "managed",
      "type": "google_sql_database",
      "name": "default",
      "provider": "provider[\"registry.terraform.io/hashicorp/google\"]",
      "instances": [
        {
          "schema_version": 0,
          "attributes": {
            "charset": "UTF8",
            "collation": "en_US.UTF8",
            "deletion_policy": "DELETE",
            "id": "projects/meta-ad-studio/instances/e2e-postgres-instance/databases/ad_studio_db",
            "instance": "e2e-postgres-instance",
            "name": "ad_studio_db",
            "project": "meta-ad-studio",
            "self_link": "https://sqladmin.googleapis.com/sql/v1beta4/projects/meta-ad-studio/instances/e2e-postgres-instance/databases/ad_studio_db",
            "timeouts": null
          },
          "sensitive_attributes": [],
          "identity_schema_version": 0,
          "private": "eyJlMmJmYjczMC1lY2FhLTExZTYtOGY4OC0zNDM2M2JjN2M0YzAiOnsiY3JlYXRlIjoxMjAwMDAwMDAwMDAwLCJkZWxldGUiOjEyMDAwMDAwMDAwMDAsInVwZGF0ZSI6MTIwMDAwMDAwMDAwMH19",
          "dependencies": [
            "google_compute_network.vpc_network",
            "google_sql_database_instance.postgres"
          ]
        }
      ]
    },
    {
      "mode": "managed",
      "type": "google_sql_database_instance",
      "name": "postgres",
      "provider": "provider[\"registry.terraform.io/hashicorp/google\"]",
      "instances": [
        {
          "schema_version": 0,
          "attributes": {
            "available_maintenance_versions": [],
            "clone": [],
            "connection_name": "meta-ad-studio:us-central1:e2e-postgres-instance",
            "database_version": "POSTGRES_14",
            "deletion_protection": false,
            "dns_name": "",
            "encryption_key_name": null,
            "first_ip_address": "34.58.119.29",
            "id": "e2e-postgres-instance",
            "instance_type": "CLOUD_SQL_INSTANCE",
            "ip_address": [
              {
                "ip_address": "34.58.119.29",
                "time_to_retire": "",
                "type": "PRIMARY"
              },
              {
                "ip_address": "10.20.0.6",
                "time_to_retire": "",
                "type": "PRIVATE"
              }
            ],
            "maintenance_version": "POSTGRES_14_18.R20250302.00_31",
            "master_instance_name": "",
            "name": "e2e-postgres-instance",
            "private_ip_address": "10.20.0.6",
            "project": "meta-ad-studio",
            "psc_service_attachment_link": "",
            "public_ip_address": "34.58.119.29",
            "region": "us-central1",
            "replica_configuration": [],
            "restore_backup_context": [],
            "root_password": null,
            "self_link": "https://sqladmin.googleapis.com/sql/v1beta4/projects/meta-ad-studio/instances/e2e-postgres-instance",
            "server_ca_cert": [
              {
                "cert": "-----BEGIN CERTIFICATE-----\nMIIDfzCCAmegAwIBAgIBADANBgkqhkiG9w0BAQsFADB3MS0wKwYDVQQuEyQ3NzJi\nNzQzMy1mOGNjLTRiZTYtODE4My1jMmM3NTliN2E5OTExIzAhBgNVBAMTGkdvb2ds\nZSBDbG91ZCBTUUwgU2VydmVyIENBMRQwEgYDVQQKEwtHb29nbGUsIEluYzELMAkG\nA1UEBhMCVVMwHhcNMjUwODMxMTkyMTM5WhcNMzUwODI5MTkyMjM5WjB3MS0wKwYD\nVQQuEyQ3NzJiNzQzMy1mOGNjLTRiZTYtODE4My1jMmM3NTliN2E5OTExIzAhBgNV\nBAMTGkdvb2dsZSBDbG91ZCBTUUwgU2VydmVyIENBMRQwEgYDVQQKEwtHb29nbGUs\nIEluYzELMAkGA1UEBhMCVVMwggEiMA0GCSqGSIb3DQEBAQUAA4IBDwAwggEKAoIB\nAQDOgHBw27+qWuiFcYj3IVZJjgCZkx+tvC2NIOQzcdXw4fQv4ZHYOnIf64kFAeLU\nD/WHn4wxi+mOEEJEnXw5joolU16TGb0o0OMg9bYwySar72NqJk2vn//p1syr+yGV\nBShtcx7W760p/KmyldIDAYRH4r2m21x89ds9vN1Tr+EsJ7rvBJwYk3G7HyA4ftDC\nvu/yJtxfXXUuaTeFkcmaMAX49ixrCebkpIzK68jk3Qt1DxoxC/j/Vie0dZApYbNX\nY3EVpALRlcF7cfXOvkDTlgvUnkra69Tn8z1agsJR3XoH9GD+grNGdLN+Zcj/UdIl\nuLInUSJ9LAY6uJp+mA3tFfH3AgMBAAGjFjAUMBIGA1UdEwEB/wQIMAYBAf8CAQAw\nDQYJKoZIhvcNAQELBQADggEBAJwfa8loHZHpYUlQMN7iV9xWZomWJfn+BYwmWCwr\n8LPc6kmDXiggEvW6p6GFWDGqgePPYw3r4T/P4UbB9kKtKVfG7TkTozmCP0N8+EM4\ncVkzEjyez1Oldvs0se1WwdQQ1dEPo5ZMT1d3A0yrgIX3d3Ui/4Wyy1W3MMWrrB4z\n4b1dUvZ0upuGV7/4M0pYwC3lk6muUGBzcn3qZ2dKPr60Y9ft+YS0sNs/jec0uGLF\nm9FhyzIDwho5uiQUkhzkJdGJM4Uz+rEzw6fZ6yhVsjsmoSVszp32nvr+CKAguDW8\ncZlPtbNq11RBuZKgC+MdWhPQciQw8YcsQLCsWeq6/wEOUPY=\n-----END CERTIFICATE-----",
                "common_name": "C=US,O=Google\\, Inc,CN=Google Cloud SQL Server CA,dnQualifier=772b7433-f8cc-4be6-8183-c2c759b7a991",
                "create_time": "2025-08-31T19:21:39.245Z",
                "expiration_time": "2035-08-29T19:22:39.245Z",
                "sha1_fingerprint": "c533f69b75f0ffa6d3f3d543add269e5348cd2c8"
              }
            ],
            "service_account_email_address": "p658411535181-mgz74j@gcp-sa-cloud-sql.iam.gserviceaccount.com",
            "settings": [
              {
                "activation_policy": "ALWAYS",
                "active_directory_config": [],
                "advanced_machine_features": [],
                "availability_type": "REGIONAL",
                "backup_configuration": [
                  {
                    "backup_retention_settings": [
                      {
                        "retained_backups": 7,
                        "retention_unit": "COUNT"
                      }
                    ],
                    "binary_log_enabled": false,
                    "enabled": false,
                    "location": "",
                    "point_in_time_recovery_enabled": false,
                    "start_time": "17:00",
                    "transaction_log_retention_days": 7
                  }
                ],
                "collation": "",
                "connector_enforcement": "NOT_REQUIRED",
                "data_cache_config": [],
                "database_flags": [],
                "deletion_protection_enabled": false,
                "deny_maintenance_period": [],
                "disk_autoresize": true,
                "disk_autoresize_limit": 0,
                "disk_size": 10,
                "disk_type": "PD_SSD",
                "edition": "ENTERPRISE",
                "enable_dataplex_integration": false,
                "enable_google_ml_integration": false,
                "insights_config": [],
                "ip_configuration": [
                  {
                    "allocated_ip_range": "",
                    "authorized_networks": [],
                    "enable_private_path_for_google_cloud_services": false,
                    "ipv4_enabled": true,
                    "private_network": "projects/meta-ad-studio/global/networks/staging-vpc",
                    "psc_config": [],
                    "require_ssl": false,
                    "server_ca_mode": "GOOGLE_MANAGED_INTERNAL_CA",
                    "ssl_mode": ""
                  }
                ],
                "location_preference": [
                  {
                    "follow_gae_application": "",
                    "secondary_zone": "",
                    "zone": "us-central1-c"
                  }
                ],
                "maintenance_window": [],
                "password_validation_policy": [],
                "pricing_plan": "PER_USE",
                "sql_server_audit_config": [],
                "tier": "db-g1-small",
                "time_zone": "",
                "user_labels": {},
                "version": 4
              }
            ],
            "timeouts": null
          },
          "sensitive_attributes": [
            [
              {
                "type": "get_attr",
                "value": "root_password"
              }
            ],
            [
              {
                "type": "get_attr",
                "value": "server_ca_cert"
              }
            ]
          ],
          "identity_schema_version": 0,
          "private": "eyJlMmJmYjczMC1lY2FhLTExZTYtOGY4OC0zNDM2M2JjN2M0YzAiOnsiY3JlYXRlIjo1NDAwMDAwMDAwMDAwLCJkZWxldGUiOjU0MDAwMDAwMDAwMDAsInVwZGF0ZSI6NTQwMDAwMDAwMDAwMH19",
          "dependencies": [
            "google_compute_network.vpc_network"
          ]
        }
      ]
    },
    {
      "mode": "managed",
      "type": "google_sql_user",
      "name": "default",
      "provider": "provider[\"registry.terraform.io/hashicorp/google\"]",
      "instances": [
        {
          "schema_version": 1,
          "attributes": {
            "deletion_policy": null,
            "host": "",
            "id": "ad_studio_user//e2e-postgres-instance",
            "instance": "e2e-postgres-instance",
            "name": "ad_studio_user",
            "password": "StagingDB_P@ssw0rd_2025!",
            "password_policy": [],
            "project": "meta-ad-studio",
            "sql_server_user_details": [],
            "timeouts": null,
            "type": ""
          },
          "sensitive_attributes": [
            [
              {
                "type": "get_attr",
                "value": "password"
              }
            ]
          ],
          "identity_schema_version": 0,
          "private": "eyJlMmJmYjczMC1lY2FhLTExZTYtOGY4OC0zNDM2M2JjN2M0YzAiOnsiY3JlYXRlIjo2MDAwMDAwMDAwMDAsImRlbGV0ZSI6NjAwMDAwMDAwMDAwLCJ1cGRhdGUiOjYwMDAwMDAwMDAwMH0sInNjaGVtYV92ZXJzaW9uIjoiMSJ9",
          "dependencies": [
            "google_compute_network.vpc_network",
            "google_secret_manager_secret.db_password_secret",
            "google_secret_manager_secret_version.db_password_secret_version",
            "google_sql_database_instance.postgres"
          ]
        }
      ]
    }
  ],
  "check_results": null
}
